// !$*UTF8*$!
{
	archiveVersion = 1;
	classes = {
	};
	objectVersion = 50;
	objects = {

/* Begin PBXBuildFile section */
		61FDF0342347821F005F9CA9 /* AppDelegate.swift in Sources */ = {isa = PBXBuildFile; fileRef = 61FDF0332347821F005F9CA9 /* AppDelegate.swift */; };
		61FDF0362347821F005F9CA9 /* SceneDelegate.swift in Sources */ = {isa = PBXBuildFile; fileRef = 61FDF0352347821F005F9CA9 /* SceneDelegate.swift */; };
		61FDF0382347821F005F9CA9 /* ViewController.swift in Sources */ = {isa = PBXBuildFile; fileRef = 61FDF0372347821F005F9CA9 /* ViewController.swift */; };
		61FDF03B2347821F005F9CA9 /* Main.storyboard in Resources */ = {isa = PBXBuildFile; fileRef = 61FDF0392347821F005F9CA9 /* Main.storyboard */; };
		61FDF03D23478220005F9CA9 /* Assets.xcassets in Resources */ = {isa = PBXBuildFile; fileRef = 61FDF03C23478220005F9CA9 /* Assets.xcassets */; };
		61FDF04023478220005F9CA9 /* LaunchScreen.storyboard in Resources */ = {isa = PBXBuildFile; fileRef = 61FDF03E23478220005F9CA9 /* LaunchScreen.storyboard */; };
		61FDF04B23478221005F9CA9 /* TableViewExampleTests.swift in Sources */ = {isa = PBXBuildFile; fileRef = 61FDF04A23478221005F9CA9 /* TableViewExampleTests.swift */; };
		61FDF05623478221005F9CA9 /* TableViewExampleUITests.swift in Sources */ = {isa = PBXBuildFile; fileRef = 61FDF05523478221005F9CA9 /* TableViewExampleUITests.swift */; };
/* End PBXBuildFile section */

/* Begin PBXContainerItemProxy section */
		61FDF04723478221005F9CA9 /* PBXContainerItemProxy */ = {
			isa = PBXContainerItemProxy;
			containerPortal = 61FDF0282347821F005F9CA9 /* Project object */;
			proxyType = 1;
			remoteGlobalIDString = 61FDF02F2347821F005F9CA9;
			remoteInfo = TableViewExample;
		};
		61FDF05223478221005F9CA9 /* PBXContainerItemProxy */ = {
			isa = PBXContainerItemProxy;
			containerPortal = 61FDF0282347821F005F9CA9 /* Project object */;
			proxyType = 1;
			remoteGlobalIDString = 61FDF02F2347821F005F9CA9;
			remoteInfo = TableViewExample;
		};
/* End PBXContainerItemProxy section */

/* Begin PBXFileReference section */
		61FDF0302347821F005F9CA9 /* TableViewExample.app */ = {isa = PBXFileReference; explicitFileType = wrapper.application; includeInIndex = 0; path = TableViewExample.app; sourceTree = BUILT_PRODUCTS_DIR; };
		61FDF0332347821F005F9CA9 /* AppDelegate.swift */ = {isa = PBXFileReference; lastKnownFileType = sourcecode.swift; path = AppDelegate.swift; sourceTree = "<group>"; };
		61FDF0352347821F005F9CA9 /* SceneDelegate.swift */ = {isa = PBXFileReference; lastKnownFileType = sourcecode.swift; path = SceneDelegate.swift; sourceTree = "<group>"; };
		61FDF0372347821F005F9CA9 /* ViewController.swift */ = {isa = PBXFileReference; lastKnownFileType = sourcecode.swift; path = ViewController.swift; sourceTree = "<group>"; };
		61FDF03A2347821F005F9CA9 /* Base */ = {isa = PBXFileReference; lastKnownFileType = file.storyboard; name = Base; path = Base.lproj/Main.storyboard; sourceTree = "<group>"; };
		61FDF03C23478220005F9CA9 /* Assets.xcassets */ = {isa = PBXFileReference; lastKnownFileType = folder.assetcatalog; path = Assets.xcassets; sourceTree = "<group>"; };
		61FDF03F23478220005F9CA9 /* Base */ = {isa = PBXFileReference; lastKnownFileType = file.storyboard; name = Base; path = Base.lproj/LaunchScreen.storyboard; sourceTree = "<group>"; };
		61FDF04123478220005F9CA9 /* Info.plist */ = {isa = PBXFileReference; lastKnownFileType = text.plist.xml; path = Info.plist; sourceTree = "<group>"; };
		61FDF04623478221005F9CA9 /* TableViewExampleTests.xctest */ = {isa = PBXFileReference; explicitFileType = wrapper.cfbundle; includeInIndex = 0; path = TableViewExampleTests.xctest; sourceTree = BUILT_PRODUCTS_DIR; };
		61FDF04A23478221005F9CA9 /* TableViewExampleTests.swift */ = {isa = PBXFileReference; lastKnownFileType = sourcecode.swift; path = TableViewExampleTests.swift; sourceTree = "<group>"; };
		61FDF04C23478221005F9CA9 /* Info.plist */ = {isa = PBXFileReference; lastKnownFileType = text.plist.xml; path = Info.plist; sourceTree = "<group>"; };
		61FDF05123478221005F9CA9 /* TableViewExampleUITests.xctest */ = {isa = PBXFileReference; explicitFileType = wrapper.cfbundle; includeInIndex = 0; path = TableViewExampleUITests.xctest; sourceTree = BUILT_PRODUCTS_DIR; };
		61FDF05523478221005F9CA9 /* TableViewExampleUITests.swift */ = {isa = PBXFileReference; lastKnownFileType = sourcecode.swift; path = TableViewExampleUITests.swift; sourceTree = "<group>"; };
		61FDF05723478221005F9CA9 /* Info.plist */ = {isa = PBXFileReference; lastKnownFileType = text.plist.xml; path = Info.plist; sourceTree = "<group>"; };
/* End PBXFileReference section */

/* Begin PBXFrameworksBuildPhase section */
		61FDF02D2347821F005F9CA9 /* Frameworks */ = {
			isa = PBXFrameworksBuildPhase;
			buildActionMask = 2147483647;
			files = (
			);
			runOnlyForDeploymentPostprocessing = 0;
		};
		61FDF04323478221005F9CA9 /* Frameworks */ = {
			isa = PBXFrameworksBuildPhase;
			buildActionMask = 2147483647;
			files = (
			);
			runOnlyForDeploymentPostprocessing = 0;
		};
		61FDF04E23478221005F9CA9 /* Frameworks */ = {
			isa = PBXFrameworksBuildPhase;
			buildActionMask = 2147483647;
			files = (
			);
			runOnlyForDeploymentPostprocessing = 0;
		};
/* End PBXFrameworksBuildPhase section */

/* Begin PBXGroup section */
		61FDF0272347821F005F9CA9 = {
			isa = PBXGroup;
			children = (
				61FDF0322347821F005F9CA9 /* TableViewExample */,
				61FDF04923478221005F9CA9 /* TableViewExampleTests */,
				61FDF05423478221005F9CA9 /* TableViewExampleUITests */,
				61FDF0312347821F005F9CA9 /* Products */,
			);
			sourceTree = "<group>";
		};
		61FDF0312347821F005F9CA9 /* Products */ = {
			isa = PBXGroup;
			children = (
				61FDF0302347821F005F9CA9 /* TableViewExample.app */,
				61FDF04623478221005F9CA9 /* TableViewExampleTests.xctest */,
				61FDF05123478221005F9CA9 /* TableViewExampleUITests.xctest */,
			);
			name = Products;
			sourceTree = "<group>";
		};
		61FDF0322347821F005F9CA9 /* TableViewExample */ = {
			isa = PBXGroup;
			children = (
				61FDF0332347821F005F9CA9 /* AppDelegate.swift */,
				61FDF0352347821F005F9CA9 /* SceneDelegate.swift */,
				61FDF0372347821F005F9CA9 /* ViewController.swift */,
				61FDF0392347821F005F9CA9 /* Main.storyboard */,
				61FDF03C23478220005F9CA9 /* Assets.xcassets */,
				61FDF03E23478220005F9CA9 /* LaunchScreen.storyboard */,
				61FDF04123478220005F9CA9 /* Info.plist */,
			);
			path = TableViewExample;
			sourceTree = "<group>";
		};
		61FDF04923478221005F9CA9 /* TableViewExampleTests */ = {
			isa = PBXGroup;
			children = (
				61FDF04A23478221005F9CA9 /* TableViewExampleTests.swift */,
				61FDF04C23478221005F9CA9 /* Info.plist */,
			);
			path = TableViewExampleTests;
			sourceTree = "<group>";
		};
		61FDF05423478221005F9CA9 /* TableViewExampleUITests */ = {
			isa = PBXGroup;
			children = (
				61FDF05523478221005F9CA9 /* TableViewExampleUITests.swift */,
				61FDF05723478221005F9CA9 /* Info.plist */,
			);
			path = TableViewExampleUITests;
			sourceTree = "<group>";
		};
/* End PBXGroup section */

/* Begin PBXNativeTarget section */
		61FDF02F2347821F005F9CA9 /* TableViewExample */ = {
			isa = PBXNativeTarget;
			buildConfigurationList = 61FDF05A23478221005F9CA9 /* Build configuration list for PBXNativeTarget "TableViewExample" */;
			buildPhases = (
				61FDF02C2347821F005F9CA9 /* Sources */,
				61FDF02D2347821F005F9CA9 /* Frameworks */,
				61FDF02E2347821F005F9CA9 /* Resources */,
			);
			buildRules = (
			);
			dependencies = (
			);
			name = TableViewExample;
			productName = TableViewExample;
			productReference = 61FDF0302347821F005F9CA9 /* TableViewExample.app */;
			productType = "com.apple.product-type.application";
		};
		61FDF04523478221005F9CA9 /* TableViewExampleTests */ = {
			isa = PBXNativeTarget;
			buildConfigurationList = 61FDF05D23478221005F9CA9 /* Build configuration list for PBXNativeTarget "TableViewExampleTests" */;
			buildPhases = (
				61FDF04223478221005F9CA9 /* Sources */,
				61FDF04323478221005F9CA9 /* Frameworks */,
				61FDF04423478221005F9CA9 /* Resources */,
			);
			buildRules = (
			);
			dependencies = (
				61FDF04823478221005F9CA9 /* PBXTargetDependency */,
			);
			name = TableViewExampleTests;
			productName = TableViewExampleTests;
			productReference = 61FDF04623478221005F9CA9 /* TableViewExampleTests.xctest */;
			productType = "com.apple.product-type.bundle.unit-test";
		};
		61FDF05023478221005F9CA9 /* TableViewExampleUITests */ = {
			isa = PBXNativeTarget;
			buildConfigurationList = 61FDF06023478221005F9CA9 /* Build configuration list for PBXNativeTarget "TableViewExampleUITests" */;
			buildPhases = (
				61FDF04D23478221005F9CA9 /* Sources */,
				61FDF04E23478221005F9CA9 /* Frameworks */,
				61FDF04F23478221005F9CA9 /* Resources */,
			);
			buildRules = (
			);
			dependencies = (
				61FDF05323478221005F9CA9 /* PBXTargetDependency */,
			);
			name = TableViewExampleUITests;
			productName = TableViewExampleUITests;
			productReference = 61FDF05123478221005F9CA9 /* TableViewExampleUITests.xctest */;
			productType = "com.apple.product-type.bundle.ui-testing";
		};
/* End PBXNativeTarget section */

/* Begin PBXProject section */
		61FDF0282347821F005F9CA9 /* Project object */ = {
			isa = PBXProject;
			attributes = {
				LastSwiftUpdateCheck = 1100;
				LastUpgradeCheck = 1100;
				ORGANIZATIONNAME = "Jay Shah";
				TargetAttributes = {
					61FDF02F2347821F005F9CA9 = {
						CreatedOnToolsVersion = 11.0;
					};
					61FDF04523478221005F9CA9 = {
						CreatedOnToolsVersion = 11.0;
						TestTargetID = 61FDF02F2347821F005F9CA9;
					};
					61FDF05023478221005F9CA9 = {
						CreatedOnToolsVersion = 11.0;
						TestTargetID = 61FDF02F2347821F005F9CA9;
					};
				};
			};
			buildConfigurationList = 61FDF02B2347821F005F9CA9 /* Build configuration list for PBXProject "TableViewExample" */;
			compatibilityVersion = "Xcode 9.3";
			developmentRegion = en;
			hasScannedForEncodings = 0;
			knownRegions = (
				en,
				Base,
			);
			mainGroup = 61FDF0272347821F005F9CA9;
			productRefGroup = 61FDF0312347821F005F9CA9 /* Products */;
			projectDirPath = "";
			projectRoot = "";
			targets = (
				61FDF02F2347821F005F9CA9 /* TableViewExample */,
				61FDF04523478221005F9CA9 /* TableViewExampleTests */,
				61FDF05023478221005F9CA9 /* TableViewExampleUITests */,
			);
		};
/* End PBXProject section */

/* Begin PBXResourcesBuildPhase section */
		61FDF02E2347821F005F9CA9 /* Resources */ = {
			isa = PBXResourcesBuildPhase;
			buildActionMask = 2147483647;
			files = (
				61FDF04023478220005F9CA9 /* LaunchScreen.storyboard in Resources */,
				61FDF03D23478220005F9CA9 /* Assets.xcassets in Resources */,
				61FDF03B2347821F005F9CA9 /* Main.storyboard in Resources */,
			);
			runOnlyForDeploymentPostprocessing = 0;
		};
		61FDF04423478221005F9CA9 /* Resources */ = {
			isa = PBXResourcesBuildPhase;
			buildActionMask = 2147483647;
			files = (
			);
			runOnlyForDeploymentPostprocessing = 0;
		};
		61FDF04F23478221005F9CA9 /* Resources */ = {
			isa = PBXResourcesBuildPhase;
			buildActionMask = 2147483647;
			files = (
			);
			runOnlyForDeploymentPostprocessing = 0;
		};
/* End PBXResourcesBuildPhase section */

/* Begin PBXSourcesBuildPhase section */
		61FDF02C2347821F005F9CA9 /* Sources */ = {
			isa = PBXSourcesBuildPhase;
			buildActionMask = 2147483647;
			files = (
				61FDF0382347821F005F9CA9 /* ViewController.swift in Sources */,
				61FDF0342347821F005F9CA9 /* AppDelegate.swift in Sources */,
				61FDF0362347821F005F9CA9 /* SceneDelegate.swift in Sources */,
			);
			runOnlyForDeploymentPostprocessing = 0;
		};
		61FDF04223478221005F9CA9 /* Sources */ = {
			isa = PBXSourcesBuildPhase;
			buildActionMask = 2147483647;
			files = (
				61FDF04B23478221005F9CA9 /* TableViewExampleTests.swift in Sources */,
			);
			runOnlyForDeploymentPostprocessing = 0;
		};
		61FDF04D23478221005F9CA9 /* Sources */ = {
			isa = PBXSourcesBuildPhase;
			buildActionMask = 2147483647;
			files = (
				61FDF05623478221005F9CA9 /* TableViewExampleUITests.swift in Sources */,
			);
			runOnlyForDeploymentPostprocessing = 0;
		};
/* End PBXSourcesBuildPhase section */

/* Begin PBXTargetDependency section */
		61FDF04823478221005F9CA9 /* PBXTargetDependency */ = {
			isa = PBXTargetDependency;
			target = 61FDF02F2347821F005F9CA9 /* TableViewExample */;
			targetProxy = 61FDF04723478221005F9CA9 /* PBXContainerItemProxy */;
		};
		61FDF05323478221005F9CA9 /* PBXTargetDependency */ = {
			isa = PBXTargetDependency;
			target = 61FDF02F2347821F005F9CA9 /* TableViewExample */;
			targetProxy = 61FDF05223478221005F9CA9 /* PBXContainerItemProxy */;
		};
/* End PBXTargetDependency section */

/* Begin PBXVariantGroup section */
		61FDF0392347821F005F9CA9 /* Main.storyboard */ = {
			isa = PBXVariantGroup;
			children = (
				61FDF03A2347821F005F9CA9 /* Base */,
			);
			name = Main.storyboard;
			sourceTree = "<group>";
		};
		61FDF03E23478220005F9CA9 /* LaunchScreen.storyboard */ = {
			isa = PBXVariantGroup;
			children = (
				61FDF03F23478220005F9CA9 /* Base */,
			);
			name = LaunchScreen.storyboard;
			sourceTree = "<group>";
		};
/* End PBXVariantGroup section */

/* Begin XCBuildConfiguration section */
		61FDF05823478221005F9CA9 /* Debug */ = {
			isa = XCBuildConfiguration;
			buildSettings = {
				ALWAYS_SEARCH_USER_PATHS = NO;
				CLANG_ANALYZER_NONNULL = YES;
				CLANG_ANALYZER_NUMBER_OBJECT_CONVERSION = YES_AGGRESSIVE;
				CLANG_CXX_LANGUAGE_STANDARD = "gnu++14";
				CLANG_CXX_LIBRARY = "libc++";
				CLANG_ENABLE_MODULES = YES;
				CLANG_ENABLE_OBJC_ARC = YES;
				CLANG_ENABLE_OBJC_WEAK = YES;
				CLANG_WARN_BLOCK_CAPTURE_AUTORELEASING = YES;
				CLANG_WARN_BOOL_CONVERSION = YES;
				CLANG_WARN_COMMA = YES;
				CLANG_WARN_CONSTANT_CONVERSION = YES;
				CLANG_WARN_DEPRECATED_OBJC_IMPLEMENTATIONS = YES;
				CLANG_WARN_DIRECT_OBJC_ISA_USAGE = YES_ERROR;
				CLANG_WARN_DOCUMENTATION_COMMENTS = YES;
				CLANG_WARN_EMPTY_BODY = YES;
				CLANG_WARN_ENUM_CONVERSION = YES;
				CLANG_WARN_INFINITE_RECURSION = YES;
				CLANG_WARN_INT_CONVERSION = YES;
				CLANG_WARN_NON_LITERAL_NULL_CONVERSION = YES;
				CLANG_WARN_OBJC_IMPLICIT_RETAIN_SELF = YES;
				CLANG_WARN_OBJC_LITERAL_CONVERSION = YES;
				CLANG_WARN_OBJC_ROOT_CLASS = YES_ERROR;
				CLANG_WARN_RANGE_LOOP_ANALYSIS = YES;
				CLANG_WARN_STRICT_PROTOTYPES = YES;
				CLANG_WARN_SUSPICIOUS_MOVE = YES;
				CLANG_WARN_UNGUARDED_AVAILABILITY = YES_AGGRESSIVE;
				CLANG_WARN_UNREACHABLE_CODE = YES;
				CLANG_WARN__DUPLICATE_METHOD_MATCH = YES;
				COPY_PHASE_STRIP = NO;
				DEBUG_INFORMATION_FORMAT = dwarf;
				ENABLE_STRICT_OBJC_MSGSEND = YES;
				ENABLE_TESTABILITY = YES;
				GCC_C_LANGUAGE_STANDARD = gnu11;
				GCC_DYNAMIC_NO_PIC = NO;
				GCC_NO_COMMON_BLOCKS = YES;
				GCC_OPTIMIZATION_LEVEL = 0;
				GCC_PREPROCESSOR_DEFINITIONS = (
					"DEBUG=1",
					"$(inherited)",
				);
				GCC_WARN_64_TO_32_BIT_CONVERSION = YES;
				GCC_WARN_ABOUT_RETURN_TYPE = YES_ERROR;
				GCC_WARN_UNDECLARED_SELECTOR = YES;
				GCC_WARN_UNINITIALIZED_AUTOS = YES_AGGRESSIVE;
				GCC_WARN_UNUSED_FUNCTION = YES;
				GCC_WARN_UNUSED_VARIABLE = YES;
				IPHONEOS_DEPLOYMENT_TARGET = 13.0;
				MTL_ENABLE_DEBUG_INFO = INCLUDE_SOURCE;
				MTL_FAST_MATH = YES;
				ONLY_ACTIVE_ARCH = YES;
				SDKROOT = iphoneos;
				SWIFT_ACTIVE_COMPILATION_CONDITIONS = DEBUG;
				SWIFT_OPTIMIZATION_LEVEL = "-Onone";
			};
			name = Debug;
		};
		61FDF05923478221005F9CA9 /* Release */ = {
			isa = XCBuildConfiguration;
			buildSettings = {
				ALWAYS_SEARCH_USER_PATHS = NO;
				CLANG_ANALYZER_NONNULL = YES;
				CLANG_ANALYZER_NUMBER_OBJECT_CONVERSION = YES_AGGRESSIVE;
				CLANG_CXX_LANGUAGE_STANDARD = "gnu++14";
				CLANG_CXX_LIBRARY = "libc++";
				CLANG_ENABLE_MODULES = YES;
				CLANG_ENABLE_OBJC_ARC = YES;
				CLANG_ENABLE_OBJC_WEAK = YES;
				CLANG_WARN_BLOCK_CAPTURE_AUTORELEASING = YES;
				CLANG_WARN_BOOL_CONVERSION = YES;
				CLANG_WARN_COMMA = YES;
				CLANG_WARN_CONSTANT_CONVERSION = YES;
				CLANG_WARN_DEPRECATED_OBJC_IMPLEMENTATIONS = YES;
				CLANG_WARN_DIRECT_OBJC_ISA_USAGE = YES_ERROR;
				CLANG_WARN_DOCUMENTATION_COMMENTS = YES;
				CLANG_WARN_EMPTY_BODY = YES;
				CLANG_WARN_ENUM_CONVERSION = YES;
				CLANG_WARN_INFINITE_RECURSION = YES;
				CLANG_WARN_INT_CONVERSION = YES;
				CLANG_WARN_NON_LITERAL_NULL_CONVERSION = YES;
				CLANG_WARN_OBJC_IMPLICIT_RETAIN_SELF = YES;
				CLANG_WARN_OBJC_LITERAL_CONVERSION = YES;
				CLANG_WARN_OBJC_ROOT_CLASS = YES_ERROR;
				CLANG_WARN_RANGE_LOOP_ANALYSIS = YES;
				CLANG_WARN_STRICT_PROTOTYPES = YES;
				CLANG_WARN_SUSPICIOUS_MOVE = YES;
				CLANG_WARN_UNGUARDED_AVAILABILITY = YES_AGGRESSIVE;
				CLANG_WARN_UNREACHABLE_CODE = YES;
				CLANG_WARN__DUPLICATE_METHOD_MATCH = YES;
				COPY_PHASE_STRIP = NO;
				DEBUG_INFORMATION_FORMAT = "dwarf-with-dsym";
				ENABLE_NS_ASSERTIONS = NO;
				ENABLE_STRICT_OBJC_MSGSEND = YES;
				GCC_C_LANGUAGE_STANDARD = gnu11;
				GCC_NO_COMMON_BLOCKS = YES;
				GCC_WARN_64_TO_32_BIT_CONVERSION = YES;
				GCC_WARN_ABOUT_RETURN_TYPE = YES_ERROR;
				GCC_WARN_UNDECLARED_SELECTOR = YES;
				GCC_WARN_UNINITIALIZED_AUTOS = YES_AGGRESSIVE;
				GCC_WARN_UNUSED_FUNCTION = YES;
				GCC_WARN_UNUSED_VARIABLE = YES;
				IPHONEOS_DEPLOYMENT_TARGET = 13.0;
				MTL_ENABLE_DEBUG_INFO = NO;
				MTL_FAST_MATH = YES;
				SDKROOT = iphoneos;
				SWIFT_COMPILATION_MODE = wholemodule;
				SWIFT_OPTIMIZATION_LEVEL = "-O";
				VALIDATE_PRODUCT = YES;
			};
			name = Release;
		};
		61FDF05B23478221005F9CA9 /* Debug */ = {
			isa = XCBuildConfiguration;
			buildSettings = {
				ASSETCATALOG_COMPILER_APPICON_NAME = AppIcon;
				CODE_SIGN_STYLE = Automatic;
				INFOPLIST_FILE = TableViewExample/Info.plist;
				LD_RUNPATH_SEARCH_PATHS = (
					"$(inherited)",
					"@executable_path/Frameworks",
				);
				PRODUCT_BUNDLE_IDENTIFIER = jerry.TableViewExample;
				PRODUCT_NAME = "$(TARGET_NAME)";
				SWIFT_VERSION = 5.0;
				TARGETED_DEVICE_FAMILY = "1,2";
			};
			name = Debug;
		};
		61FDF05C23478221005F9CA9 /* Release */ = {
			isa = XCBuildConfiguration;
			buildSettings = {
				ASSETCATALOG_COMPILER_APPICON_NAME = AppIcon;
				CODE_SIGN_STYLE = Automatic;
				INFOPLIST_FILE = TableViewExample/Info.plist;
				LD_RUNPATH_SEARCH_PATHS = (
					"$(inherited)",
					"@executable_path/Frameworks",
				);
				PRODUCT_BUNDLE_IDENTIFIER = jerry.TableViewExample;
				PRODUCT_NAME = "$(TARGET_NAME)";
				SWIFT_VERSION = 5.0;
				TARGETED_DEVICE_FAMILY = "1,2";
			};
			name = Release;
		};
		61FDF05E23478221005F9CA9 /* Debug */ = {
			isa = XCBuildConfiguration;
			buildSettings = {
				ALWAYS_EMBED_SWIFT_STANDARD_LIBRARIES = YES;
				BUNDLE_LOADER = "$(TEST_HOST)";
				CODE_SIGN_STYLE = Automatic;
				INFOPLIST_FILE = TableViewExampleTests/Info.plist;
				IPHONEOS_DEPLOYMENT_TARGET = 13.0;
				LD_RUNPATH_SEARCH_PATHS = (
					"$(inherited)",
					"@executable_path/Frameworks",
					"@loader_path/Frameworks",
				);
				PRODUCT_BUNDLE_IDENTIFIER = jerry.TableViewExampleTests;
				PRODUCT_NAME = "$(TARGET_NAME)";
				SWIFT_VERSION = 5.0;
				TARGETED_DEVICE_FAMILY = "1,2";
				TEST_HOST = "$(BUILT_PRODUCTS_DIR)/TableViewExample.app/TableViewExample";
			};
			name = Debug;
		};
		61FDF05F23478221005F9CA9 /* Release */ = {
			isa = XCBuildConfiguration;
			buildSettings = {
				ALWAYS_EMBED_SWIFT_STANDARD_LIBRARIES = YES;
				BUNDLE_LOADER = "$(TEST_HOST)";
				CODE_SIGN_STYLE = Automatic;
				INFOPLIST_FILE = TableViewExampleTests/Info.plist;
				IPHONEOS_DEPLOYMENT_TARGET = 13.0;
				LD_RUNPATH_SEARCH_PATHS = (
					"$(inherited)",
					"@executable_path/Frameworks",
					"@loader_path/Frameworks",
				);
				PRODUCT_BUNDLE_IDENTIFIER = jerry.TableViewExampleTests;
				PRODUCT_NAME = "$(TARGET_NAME)";
				SWIFT_VERSION = 5.0;
				TARGETED_DEVICE_FAMILY = "1,2";
				TEST_HOST = "$(BUILT_PRODUCTS_DIR)/TableViewExample.app/TableViewExample";
			};
			name = Release;
		};
		61FDF06123478221005F9CA9 /* Debug */ = {
			isa = XCBuildConfiguration;
			buildSettings = {
				ALWAYS_EMBED_SWIFT_STANDARD_LIBRARIES = YES;
				CODE_SIGN_STYLE = Automatic;
				INFOPLIST_FILE = TableViewExampleUITests/Info.plist;
				LD_RUNPATH_SEARCH_PATHS = (
					"$(inherited)",
					"@executable_path/Frameworks",
					"@loader_path/Frameworks",
				);
				PRODUCT_BUNDLE_IDENTIFIER = jerry.TableViewExampleUITests;
				PRODUCT_NAME = "$(TARGET_NAME)";
				SWIFT_VERSION = 5.0;
				TARGETED_DEVICE_FAMILY = "1,2";
				TEST_TARGET_NAME = TableViewExample;
			};
			name = Debug;
		};
		61FDF06223478221005F9CA9 /* Release */ = {
			isa = XCBuildConfiguration;
			buildSettings = {
				ALWAYS_EMBED_SWIFT_STANDARD_LIBRARIES = YES;
				CODE_SIGN_STYLE = Automatic;
				INFOPLIST_FILE = TableViewExampleUITests/Info.plist;
				LD_RUNPATH_SEARCH_PATHS = (
					"$(inherited)",
					"@executable_path/Frameworks",
					"@loader_path/Frameworks",
				);
				PRODUCT_BUNDLE_IDENTIFIER = jerry.TableViewExampleUITests;
				PRODUCT_NAME = "$(TARGET_NAME)";
				SWIFT_VERSION = 5.0;
				TARGETED_DEVICE_FAMILY = "1,2";
				TEST_TARGET_NAME = TableViewExample;
			};
			name = Release;
		};
/* End XCBuildConfiguration section */

/* Begin XCConfigurationList section */
		61FDF02B2347821F005F9CA9 /* Build configuration list for PBXProject "TableViewExample" */ = {
			isa = XCConfigurationList;
			buildConfigurations = (
				61FDF05823478221005F9CA9 /* Debug */,
				61FDF05923478221005F9CA9 /* Release */,
			);
			defaultConfigurationIsVisible = 0;
			defaultConfigurationName = Release;
		};
		61FDF05A23478221005F9CA9 /* Build configuration list for PBXNativeTarget "TableViewExample" */ = {
			isa = XCConfigurationList;
			buildConfigurations = (
				61FDF05B23478221005F9CA9 /* Debug */,
				61FDF05C23478221005F9CA9 /* Release */,
			);
			defaultConfigurationIsVisible = 0;
			defaultConfigurationName = Release;
		};
		61FDF05D23478221005F9CA9 /* Build configuration list for PBXNativeTarget "TableViewExampleTests" */ = {
			isa = XCConfigurationList;
			buildConfigurations = (
				61FDF05E23478221005F9CA9 /* Debug */,
				61FDF05F23478221005F9CA9 /* Release */,
			);
			defaultConfigurationIsVisible = 0;
			defaultConfigurationName = Release;
		};
		61FDF06023478221005F9CA9 /* Build configuration list for PBXNativeTarget "TableViewExampleUITests" */ = {
			isa = XCConfigurationList;
			buildConfigurations = (
				61FDF06123478221005F9CA9 /* Debug */,
				61FDF06223478221005F9CA9 /* Release */,
			);
			defaultConfigurationIsVisible = 0;
			defaultConfigurationName = Release;
		};
/* End XCConfigurationList section */
	};
	rootObject = 61FDF0282347821F005F9CA9 /* Project object */;
}
